
Microsoft Visual Studio Solution File, Format Version 12.00
# Visual Studio Version 17
VisualStudioVersion = 17.12.35527.113 d17.12
MinimumVisualStudioVersion = 10.0.40219.1
Project("{FAE04EC0-301F-11D3-BF4B-00C04F79EFBC}") = "Personality", "Personality\Personality.csproj", "{FED9155A-27AC-4316-A0A8-46E1FE20BE8D}"
EndProject
Global
	GlobalSection(SolutionConfigurationPlatforms) = preSolution
		Debug|Any CPU = Debug|Any CPU
		Release|Any CPU = Release|Any CPU
	EndGlobalSection
	GlobalSection(ProjectConfigurationPlatforms) = postSolution
		{FED9155A-27AC-4316-A0A8-46E1FE20BE8D}.Debug|Any CPU.ActiveCfg = Debug|Any CPU
		{FED9155A-27AC-4316-A0A8-46E1FE20BE8D}.Debug|Any CPU.Build.0 = Debug|Any CPU
		{FED9155A-27AC-4316-A0A8-46E1FE20BE8D}.Release|Any CPU.ActiveCfg = Release|Any CPU
		{FED9155A-27AC-4316-A0A8-46E1FE20BE8D}.Release|Any CPU.Build.0 = Release|Any CPU
	EndGlobalSection
	GlobalSection(SolutionProperties) = preSolution
		HideSolutionNode = FALSE
	EndGlobalSection
EndGlobal
